// !$*UTF8*$!
{
	archiveVersion = 1;
	classes = {
	};
	objectVersion = 55;
	objects = {

/* Begin PBXBuildFile section */
		6E04A7D52905C97D00DC5894 /* Lottie in Frameworks */ = {isa = PBXBuildFile; productRef = 6E04A7D42905C97D00DC5894 /* Lottie */; };
		6E04A7D72905CC4D00DC5894 /* ContentViewModel.swift in Sources */ = {isa = PBXBuildFile; fileRef = 6E04A7D62905CC4D00DC5894 /* ContentViewModel.swift */; };
		6E04A7D92905CCAE00DC5894 /* BaseRepository.swift in Sources */ = {isa = PBXBuildFile; fileRef = 6E04A7D82905CCAE00DC5894 /* BaseRepository.swift */; };
		6E04A7DB2905CE2900DC5894 /* CentralRoute.swift in Sources */ = {isa = PBXBuildFile; fileRef = 6E04A7DA2905CE2900DC5894 /* CentralRoute.swift */; };
		6E04A7DD2905CE3B00DC5894 /* CentralRepository.swift in Sources */ = {isa = PBXBuildFile; fileRef = 6E04A7DC2905CE3B00DC5894 /* CentralRepository.swift */; };
		6E04A7E12905D15400DC5894 /* FishListResponse.swift in Sources */ = {isa = PBXBuildFile; fileRef = 6E04A7E02905D15400DC5894 /* FishListResponse.swift */; };
		6E04A7E32905D16B00DC5894 /* OptionAreaResponse.swift in Sources */ = {isa = PBXBuildFile; fileRef = 6E04A7E22905D16B00DC5894 /* OptionAreaResponse.swift */; };
		6E04A7E62905D18100DC5894 /* OptionSizeResponse.swift in Sources */ = {isa = PBXBuildFile; fileRef = 6E04A7E52905D18100DC5894 /* OptionSizeResponse.swift */; };
		6E04A7E82905D20D00DC5894 /* NewFishListResponse.swift in Sources */ = {isa = PBXBuildFile; fileRef = 6E04A7E72905D20D00DC5894 /* NewFishListResponse.swift */; };
		6E04A7EA2905D49700DC5894 /* ExtensionData.swift in Sources */ = {isa = PBXBuildFile; fileRef = 6E04A7E92905D49700DC5894 /* ExtensionData.swift */; };
		6E04A7EC2905D7AD00DC5894 /* BaseView.swift in Sources */ = {isa = PBXBuildFile; fileRef = 6E04A7EB2905D7AD00DC5894 /* BaseView.swift */; };
		6E04A7EF2905D7C000DC5894 /* BaseViewModel.swift in Sources */ = {isa = PBXBuildFile; fileRef = 6E04A7EE2905D7C000DC5894 /* BaseViewModel.swift */; };
		6E04A7F12905DA0A00DC5894 /* ExtensionView.swift in Sources */ = {isa = PBXBuildFile; fileRef = 6E04A7F02905DA0A00DC5894 /* ExtensionView.swift */; };
		6E04A7F32905DA4A00DC5894 /* CustomErrorSheet.swift in Sources */ = {isa = PBXBuildFile; fileRef = 6E04A7F22905DA4A00DC5894 /* CustomErrorSheet.swift */; };
		6E1EE6D029023E43008422D1 /* eFishery_TestApp.swift in Sources */ = {isa = PBXBuildFile; fileRef = 6E1EE6CF29023E43008422D1 /* eFishery_TestApp.swift */; };
		6E1EE6D229023E43008422D1 /* ContentView.swift in Sources */ = {isa = PBXBuildFile; fileRef = 6E1EE6D129023E43008422D1 /* ContentView.swift */; };
		6E1EE6D429023E44008422D1 /* Assets.xcassets in Resources */ = {isa = PBXBuildFile; fileRef = 6E1EE6D329023E44008422D1 /* Assets.xcassets */; };
		6E1EE6D729023E44008422D1 /* Preview Assets.xcassets in Resources */ = {isa = PBXBuildFile; fileRef = 6E1EE6D629023E44008422D1 /* Preview Assets.xcassets */; };
		6E60A3B1290347F4009BB4C7 /* CustomSheetShowHide.swift in Sources */ = {isa = PBXBuildFile; fileRef = 6E60A3B0290347F4009BB4C7 /* CustomSheetShowHide.swift */; };
		6E60A3B329034AD9009BB4C7 /* CustomRoundSpecificCornerShape.swift in Sources */ = {isa = PBXBuildFile; fileRef = 6E60A3B229034AD9009BB4C7 /* CustomRoundSpecificCornerShape.swift */; };
		6E60A3B529034B3F009BB4C7 /* ExtensionUIApplication.swift in Sources */ = {isa = PBXBuildFile; fileRef = 6E60A3B429034B3F009BB4C7 /* ExtensionUIApplication.swift */; };
		6E60A3B729034FA4009BB4C7 /* CustomRangedSliderView.swift in Sources */ = {isa = PBXBuildFile; fileRef = 6E60A3B629034FA4009BB4C7 /* CustomRangedSliderView.swift */; };
		6ED3B33B290276F6004C41FF /* AppStorageHelper.swift in Sources */ = {isa = PBXBuildFile; fileRef = 6ED3B33A290276F6004C41FF /* AppStorageHelper.swift */; };
		6ED3B3402902775D004C41FF /* Inter-Bold.ttf in Resources */ = {isa = PBXBuildFile; fileRef = 6ED3B33D2902775D004C41FF /* Inter-Bold.ttf */; };
		6ED3B3412902775D004C41FF /* Inter-Regular.ttf in Resources */ = {isa = PBXBuildFile; fileRef = 6ED3B33E2902775D004C41FF /* Inter-Regular.ttf */; };
		6ED3B3422902775D004C41FF /* Inter-SemiBold.ttf in Resources */ = {isa = PBXBuildFile; fileRef = 6ED3B33F2902775D004C41FF /* Inter-SemiBold.ttf */; };
		6ED3B344290277B3004C41FF /* ExtensionColor.swift in Sources */ = {isa = PBXBuildFile; fileRef = 6ED3B343290277B3004C41FF /* ExtensionColor.swift */; };
		6ED3B34729027901004C41FF /* Cnst.swift in Sources */ = {isa = PBXBuildFile; fileRef = 6ED3B34629027901004C41FF /* Cnst.swift */; };
/* End PBXBuildFile section */

/* Begin PBXFileReference section */
		6E04A7D62905CC4D00DC5894 /* ContentViewModel.swift */ = {isa = PBXFileReference; lastKnownFileType = sourcecode.swift; path = ContentViewModel.swift; sourceTree = "<group>"; };
		6E04A7D82905CCAE00DC5894 /* BaseRepository.swift */ = {isa = PBXFileReference; lastKnownFileType = sourcecode.swift; path = BaseRepository.swift; sourceTree = "<group>"; };
		6E04A7DA2905CE2900DC5894 /* CentralRoute.swift */ = {isa = PBXFileReference; lastKnownFileType = sourcecode.swift; path = CentralRoute.swift; sourceTree = "<group>"; };
		6E04A7DC2905CE3B00DC5894 /* CentralRepository.swift */ = {isa = PBXFileReference; lastKnownFileType = sourcecode.swift; path = CentralRepository.swift; sourceTree = "<group>"; };
		6E04A7E02905D15400DC5894 /* FishListResponse.swift */ = {isa = PBXFileReference; lastKnownFileType = sourcecode.swift; path = FishListResponse.swift; sourceTree = "<group>"; };
		6E04A7E22905D16B00DC5894 /* OptionAreaResponse.swift */ = {isa = PBXFileReference; lastKnownFileType = sourcecode.swift; path = OptionAreaResponse.swift; sourceTree = "<group>"; };
		6E04A7E52905D18100DC5894 /* OptionSizeResponse.swift */ = {isa = PBXFileReference; lastKnownFileType = sourcecode.swift; path = OptionSizeResponse.swift; sourceTree = "<group>"; };
		6E04A7E72905D20D00DC5894 /* NewFishListResponse.swift */ = {isa = PBXFileReference; lastKnownFileType = sourcecode.swift; path = NewFishListResponse.swift; sourceTree = "<group>"; };
		6E04A7E92905D49700DC5894 /* ExtensionData.swift */ = {isa = PBXFileReference; lastKnownFileType = sourcecode.swift; path = ExtensionData.swift; sourceTree = "<group>"; };
		6E04A7EB2905D7AD00DC5894 /* BaseView.swift */ = {isa = PBXFileReference; lastKnownFileType = sourcecode.swift; path = BaseView.swift; sourceTree = "<group>"; };
		6E04A7EE2905D7C000DC5894 /* BaseViewModel.swift */ = {isa = PBXFileReference; lastKnownFileType = sourcecode.swift; path = BaseViewModel.swift; sourceTree = "<group>"; };
		6E04A7F02905DA0A00DC5894 /* ExtensionView.swift */ = {isa = PBXFileReference; lastKnownFileType = sourcecode.swift; path = ExtensionView.swift; sourceTree = "<group>"; };
		6E04A7F22905DA4A00DC5894 /* CustomErrorSheet.swift */ = {isa = PBXFileReference; lastKnownFileType = sourcecode.swift; path = CustomErrorSheet.swift; sourceTree = "<group>"; };
		6E1EE6CC29023E43008422D1 /* eFishery-Test.app */ = {isa = PBXFileReference; explicitFileType = wrapper.application; includeInIndex = 0; path = "eFishery-Test.app"; sourceTree = BUILT_PRODUCTS_DIR; };
		6E1EE6CF29023E43008422D1 /* eFishery_TestApp.swift */ = {isa = PBXFileReference; lastKnownFileType = sourcecode.swift; path = eFishery_TestApp.swift; sourceTree = "<group>"; };
		6E1EE6D129023E43008422D1 /* ContentView.swift */ = {isa = PBXFileReference; lastKnownFileType = sourcecode.swift; path = ContentView.swift; sourceTree = "<group>"; };
		6E1EE6D329023E44008422D1 /* Assets.xcassets */ = {isa = PBXFileReference; lastKnownFileType = folder.assetcatalog; path = Assets.xcassets; sourceTree = "<group>"; };
		6E1EE6D629023E44008422D1 /* Preview Assets.xcassets */ = {isa = PBXFileReference; lastKnownFileType = folder.assetcatalog; path = "Preview Assets.xcassets"; sourceTree = "<group>"; };
		6E60A3B0290347F4009BB4C7 /* CustomSheetShowHide.swift */ = {isa = PBXFileReference; lastKnownFileType = sourcecode.swift; path = CustomSheetShowHide.swift; sourceTree = "<group>"; };
		6E60A3B229034AD9009BB4C7 /* CustomRoundSpecificCornerShape.swift */ = {isa = PBXFileReference; lastKnownFileType = sourcecode.swift; path = CustomRoundSpecificCornerShape.swift; sourceTree = "<group>"; };
		6E60A3B429034B3F009BB4C7 /* ExtensionUIApplication.swift */ = {isa = PBXFileReference; lastKnownFileType = sourcecode.swift; path = ExtensionUIApplication.swift; sourceTree = "<group>"; };
		6E60A3B629034FA4009BB4C7 /* CustomRangedSliderView.swift */ = {isa = PBXFileReference; lastKnownFileType = sourcecode.swift; path = CustomRangedSliderView.swift; sourceTree = "<group>"; };
		6ED3B33A290276F6004C41FF /* AppStorageHelper.swift */ = {isa = PBXFileReference; lastKnownFileType = sourcecode.swift; path = AppStorageHelper.swift; sourceTree = "<group>"; };
		6ED3B33D2902775D004C41FF /* Inter-Bold.ttf */ = {isa = PBXFileReference; lastKnownFileType = file; path = "Inter-Bold.ttf"; sourceTree = "<group>"; };
		6ED3B33E2902775D004C41FF /* Inter-Regular.ttf */ = {isa = PBXFileReference; lastKnownFileType = file; path = "Inter-Regular.ttf"; sourceTree = "<group>"; };
		6ED3B33F2902775D004C41FF /* Inter-SemiBold.ttf */ = {isa = PBXFileReference; lastKnownFileType = file; path = "Inter-SemiBold.ttf"; sourceTree = "<group>"; };
		6ED3B343290277B3004C41FF /* ExtensionColor.swift */ = {isa = PBXFileReference; lastKnownFileType = sourcecode.swift; path = ExtensionColor.swift; sourceTree = "<group>"; };
		6ED3B3452902789C004C41FF /* Info.plist */ = {isa = PBXFileReference; lastKnownFileType = text.plist; path = Info.plist; sourceTree = "<group>"; };
		6ED3B34629027901004C41FF /* Cnst.swift */ = {isa = PBXFileReference; lastKnownFileType = sourcecode.swift; path = Cnst.swift; sourceTree = "<group>"; };
/* End PBXFileReference section */

/* Begin PBXFrameworksBuildPhase section */
		6E1EE6C929023E43008422D1 /* Frameworks */ = {
			isa = PBXFrameworksBuildPhase;
			buildActionMask = 2147483647;
			files = (
				6E04A7D52905C97D00DC5894 /* Lottie in Frameworks */,
			);
			runOnlyForDeploymentPostprocessing = 0;
		};
/* End PBXFrameworksBuildPhase section */

/* Begin PBXGroup section */
		6E04A7DE2905D13100DC5894 /* Base */ = {
			isa = PBXGroup;
			children = (
				6E04A7D82905CCAE00DC5894 /* BaseRepository.swift */,
				6E04A7DA2905CE2900DC5894 /* CentralRoute.swift */,
				6E04A7DC2905CE3B00DC5894 /* CentralRepository.swift */,
			);
			path = Base;
			sourceTree = "<group>";
		};
		6E04A7DF2905D13A00DC5894 /* Response */ = {
			isa = PBXGroup;
			children = (
				6E04A7E02905D15400DC5894 /* FishListResponse.swift */,
				6E04A7E72905D20D00DC5894 /* NewFishListResponse.swift */,
				6E04A7E22905D16B00DC5894 /* OptionAreaResponse.swift */,
				6E04A7E52905D18100DC5894 /* OptionSizeResponse.swift */,
			);
			path = Response;
			sourceTree = "<group>";
		};
		6E1EE6C329023E43008422D1 = {
			isa = PBXGroup;
			children = (
				6E1EE6CE29023E43008422D1 /* eFishery-Test */,
				6E1EE6CD29023E43008422D1 /* Products */,
			);
			sourceTree = "<group>";
		};
		6E1EE6CD29023E43008422D1 /* Products */ = {
			isa = PBXGroup;
			children = (
				6E1EE6CC29023E43008422D1 /* eFishery-Test.app */,
			);
			name = Products;
			sourceTree = "<group>";
		};
		6E1EE6CE29023E43008422D1 /* eFishery-Test */ = {
			isa = PBXGroup;
			children = (
				6ED3B3452902789C004C41FF /* Info.plist */,
				6ED3B338290276BA004C41FF /* Base */,
				6ED3B337290276AD004C41FF /* Network */,
				6ED3B3362902769E004C41FF /* Resources */,
				6ED3B33529027695004C41FF /* Views */,
				6ED3B3342902768E004C41FF /* Customs */,
				6ED3B33329027683004C41FF /* Utilities */,
				6E1EE6D529023E44008422D1 /* Preview Content */,
			);
			path = "eFishery-Test";
			sourceTree = "<group>";
		};
		6E1EE6D529023E44008422D1 /* Preview Content */ = {
			isa = PBXGroup;
			children = (
				6E1EE6D629023E44008422D1 /* Preview Assets.xcassets */,
			);
			path = "Preview Content";
			sourceTree = "<group>";
		};
		6ED3B33329027683004C41FF /* Utilities */ = {
			isa = PBXGroup;
			children = (
				6ED3B343290277B3004C41FF /* ExtensionColor.swift */,
				6E60A3B429034B3F009BB4C7 /* ExtensionUIApplication.swift */,
				6E04A7E92905D49700DC5894 /* ExtensionData.swift */,
				6E04A7F02905DA0A00DC5894 /* ExtensionView.swift */,
			);
			path = Utilities;
			sourceTree = "<group>";
		};
		6ED3B3342902768E004C41FF /* Customs */ = {
			isa = PBXGroup;
			children = (
				6E60A3B0290347F4009BB4C7 /* CustomSheetShowHide.swift */,
				6E60A3B229034AD9009BB4C7 /* CustomRoundSpecificCornerShape.swift */,
				6E60A3B629034FA4009BB4C7 /* CustomRangedSliderView.swift */,
				6E04A7F22905DA4A00DC5894 /* CustomErrorSheet.swift */,
			);
			path = Customs;
			sourceTree = "<group>";
		};
		6ED3B33529027695004C41FF /* Views */ = {
			isa = PBXGroup;
			children = (
				6E1EE6D129023E43008422D1 /* ContentView.swift */,
				6E04A7D62905CC4D00DC5894 /* ContentViewModel.swift */,
			);
			path = Views;
			sourceTree = "<group>";
		};
		6ED3B3362902769E004C41FF /* Resources */ = {
			isa = PBXGroup;
			children = (
				6ED3B33C29027736004C41FF /* Font */,
				6E1EE6D329023E44008422D1 /* Assets.xcassets */,
				6ED3B34629027901004C41FF /* Cnst.swift */,
			);
			path = Resources;
			sourceTree = "<group>";
		};
		6ED3B337290276AD004C41FF /* Network */ = {
			isa = PBXGroup;
			children = (
				6E04A7DE2905D13100DC5894 /* Base */,
				6E04A7DF2905D13A00DC5894 /* Response */,
			);
			path = Network;
			sourceTree = "<group>";
		};
		6ED3B338290276BA004C41FF /* Base */ = {
			isa = PBXGroup;
			children = (
				6E1EE6CF29023E43008422D1 /* eFishery_TestApp.swift */,
				6ED3B33A290276F6004C41FF /* AppStorageHelper.swift */,
				6E04A7EB2905D7AD00DC5894 /* BaseView.swift */,
				6E04A7EE2905D7C000DC5894 /* BaseViewModel.swift */,
			);
			path = Base;
			sourceTree = "<group>";
		};
		6ED3B33C29027736004C41FF /* Font */ = {
			isa = PBXGroup;
			children = (
				6ED3B33D2902775D004C41FF /* Inter-Bold.ttf */,
				6ED3B33E2902775D004C41FF /* Inter-Regular.ttf */,
				6ED3B33F2902775D004C41FF /* Inter-SemiBold.ttf */,
			);
			path = Font;
			sourceTree = "<group>";
		};
/* End PBXGroup section */

/* Begin PBXNativeTarget section */
		6E1EE6CB29023E43008422D1 /* eFishery-Test */ = {
			isa = PBXNativeTarget;
			buildConfigurationList = 6E1EE6DA29023E44008422D1 /* Build configuration list for PBXNativeTarget "eFishery-Test" */;
			buildPhases = (
				6E1EE6C829023E43008422D1 /* Sources */,
				6E1EE6C929023E43008422D1 /* Frameworks */,
				6E1EE6CA29023E43008422D1 /* Resources */,
			);
			buildRules = (
			);
			dependencies = (
			);
			name = "eFishery-Test";
			packageProductDependencies = (
				6E04A7D42905C97D00DC5894 /* Lottie */,
			);
			productName = "eFishery-Test";
			productReference = 6E1EE6CC29023E43008422D1 /* eFishery-Test.app */;
			productType = "com.apple.product-type.application";
		};
/* End PBXNativeTarget section */

/* Begin PBXProject section */
		6E1EE6C429023E43008422D1 /* Project object */ = {
			isa = PBXProject;
			attributes = {
				BuildIndependentTargetsInParallel = 1;
				LastSwiftUpdateCheck = 1310;
				LastUpgradeCheck = 1310;
				TargetAttributes = {
					6E1EE6CB29023E43008422D1 = {
						CreatedOnToolsVersion = 13.1;
					};
				};
			};
			buildConfigurationList = 6E1EE6C729023E43008422D1 /* Build configuration list for PBXProject "eFishery-Test" */;
			compatibilityVersion = "Xcode 13.0";
			developmentRegion = en;
			hasScannedForEncodings = 0;
			knownRegions = (
				en,
				Base,
			);
			mainGroup = 6E1EE6C329023E43008422D1;
			packageReferences = (
				6E04A7D32905C97D00DC5894 /* XCRemoteSwiftPackageReference "lottie-ios" */,
			);
			productRefGroup = 6E1EE6CD29023E43008422D1 /* Products */;
			projectDirPath = "";
			projectRoot = "";
			targets = (
				6E1EE6CB29023E43008422D1 /* eFishery-Test */,
			);
		};
/* End PBXProject section */

/* Begin PBXResourcesBuildPhase section */
		6E1EE6CA29023E43008422D1 /* Resources */ = {
			isa = PBXResourcesBuildPhase;
			buildActionMask = 2147483647;
			files = (
				6ED3B3402902775D004C41FF /* Inter-Bold.ttf in Resources */,
				6E1EE6D729023E44008422D1 /* Preview Assets.xcassets in Resources */,
				6ED3B3412902775D004C41FF /* Inter-Regular.ttf in Resources */,
				6ED3B3422902775D004C41FF /* Inter-SemiBold.ttf in Resources */,
				6E1EE6D429023E44008422D1 /* Assets.xcassets in Resources */,
			);
			runOnlyForDeploymentPostprocessing = 0;
		};
/* End PBXResourcesBuildPhase section */

/* Begin PBXSourcesBuildPhase section */
		6E1EE6C829023E43008422D1 /* Sources */ = {
			isa = PBXSourcesBuildPhase;
			buildActionMask = 2147483647;
			files = (
				6E04A7DD2905CE3B00DC5894 /* CentralRepository.swift in Sources */,
				6E04A7EF2905D7C000DC5894 /* BaseViewModel.swift in Sources */,
				6E04A7E32905D16B00DC5894 /* OptionAreaResponse.swift in Sources */,
				6E60A3B329034AD9009BB4C7 /* CustomRoundSpecificCornerShape.swift in Sources */,
				6E04A7F12905DA0A00DC5894 /* ExtensionView.swift in Sources */,
				6E04A7EA2905D49700DC5894 /* ExtensionData.swift in Sources */,
				6E1EE6D229023E43008422D1 /* ContentView.swift in Sources */,
				6E60A3B1290347F4009BB4C7 /* CustomSheetShowHide.swift in Sources */,
				6E04A7E12905D15400DC5894 /* FishListResponse.swift in Sources */,
				6E04A7E82905D20D00DC5894 /* NewFishListResponse.swift in Sources */,
				6E04A7E62905D18100DC5894 /* OptionSizeResponse.swift in Sources */,
				6E1EE6D029023E43008422D1 /* eFishery_TestApp.swift in Sources */,
				6E04A7D72905CC4D00DC5894 /* ContentViewModel.swift in Sources */,
				6ED3B33B290276F6004C41FF /* AppStorageHelper.swift in Sources */,
				6E04A7D92905CCAE00DC5894 /* BaseRepository.swift in Sources */,
				6ED3B344290277B3004C41FF /* ExtensionColor.swift in Sources */,
				6E60A3B529034B3F009BB4C7 /* ExtensionUIApplication.swift in Sources */,
				6E04A7DB2905CE2900DC5894 /* CentralRoute.swift in Sources */,
				6E04A7EC2905D7AD00DC5894 /* BaseView.swift in Sources */,
				6E60A3B729034FA4009BB4C7 /* CustomRangedSliderView.swift in Sources */,
				6ED3B34729027901004C41FF /* Cnst.swift in Sources */,
				6E04A7F32905DA4A00DC5894 /* CustomErrorSheet.swift in Sources */,
			);
			runOnlyForDeploymentPostprocessing = 0;
		};
/* End PBXSourcesBuildPhase section */

/* Begin XCBuildConfiguration section */
		6E1EE6D829023E44008422D1 /* Debug */ = {
			isa = XCBuildConfiguration;
			buildSettings = {
				ALWAYS_SEARCH_USER_PATHS = NO;
				CLANG_ANALYZER_NONNULL = YES;
				CLANG_ANALYZER_NUMBER_OBJECT_CONVERSION = YES_AGGRESSIVE;
				CLANG_CXX_LANGUAGE_STANDARD = "gnu++17";
				CLANG_CXX_LIBRARY = "libc++";
				CLANG_ENABLE_MODULES = YES;
				CLANG_ENABLE_OBJC_ARC = YES;
				CLANG_ENABLE_OBJC_WEAK = YES;
				CLANG_WARN_BLOCK_CAPTURE_AUTORELEASING = YES;
				CLANG_WARN_BOOL_CONVERSION = YES;
				CLANG_WARN_COMMA = YES;
				CLANG_WARN_CONSTANT_CONVERSION = YES;
				CLANG_WARN_DEPRECATED_OBJC_IMPLEMENTATIONS = YES;
				CLANG_WARN_DIRECT_OBJC_ISA_USAGE = YES_ERROR;
				CLANG_WARN_DOCUMENTATION_COMMENTS = YES;
				CLANG_WARN_EMPTY_BODY = YES;
				CLANG_WARN_ENUM_CONVERSION = YES;
				CLANG_WARN_INFINITE_RECURSION = YES;
				CLANG_WARN_INT_CONVERSION = YES;
				CLANG_WARN_NON_LITERAL_NULL_CONVERSION = YES;
				CLANG_WARN_OBJC_IMPLICIT_RETAIN_SELF = YES;
				CLANG_WARN_OBJC_LITERAL_CONVERSION = YES;
				CLANG_WARN_OBJC_ROOT_CLASS = YES_ERROR;
				CLANG_WARN_QUOTED_INCLUDE_IN_FRAMEWORK_HEADER = YES;
				CLANG_WARN_RANGE_LOOP_ANALYSIS = YES;
				CLANG_WARN_STRICT_PROTOTYPES = YES;
				CLANG_WARN_SUSPICIOUS_MOVE = YES;
				CLANG_WARN_UNGUARDED_AVAILABILITY = YES_AGGRESSIVE;
				CLANG_WARN_UNREACHABLE_CODE = YES;
				CLANG_WARN__DUPLICATE_METHOD_MATCH = YES;
				COPY_PHASE_STRIP = NO;
				DEBUG_INFORMATION_FORMAT = dwarf;
				ENABLE_STRICT_OBJC_MSGSEND = YES;
				ENABLE_TESTABILITY = YES;
				GCC_C_LANGUAGE_STANDARD = gnu11;
				GCC_DYNAMIC_NO_PIC = NO;
				GCC_NO_COMMON_BLOCKS = YES;
				GCC_OPTIMIZATION_LEVEL = 0;
				GCC_PREPROCESSOR_DEFINITIONS = (
					"DEBUG=1",
					"$(inherited)",
				);
				GCC_WARN_64_TO_32_BIT_CONVERSION = YES;
				GCC_WARN_ABOUT_RETURN_TYPE = YES_ERROR;
				GCC_WARN_UNDECLARED_SELECTOR = YES;
				GCC_WARN_UNINITIALIZED_AUTOS = YES_AGGRESSIVE;
				GCC_WARN_UNUSED_FUNCTION = YES;
				GCC_WARN_UNUSED_VARIABLE = YES;
				IPHONEOS_DEPLOYMENT_TARGET = 15.0;
				MTL_ENABLE_DEBUG_INFO = INCLUDE_SOURCE;
				MTL_FAST_MATH = YES;
				ONLY_ACTIVE_ARCH = YES;
				SDKROOT = iphoneos;
				SWIFT_ACTIVE_COMPILATION_CONDITIONS = DEBUG;
				SWIFT_OPTIMIZATION_LEVEL = "-Onone";
			};
			name = Debug;
		};
		6E1EE6D929023E44008422D1 /* Release */ = {
			isa = XCBuildConfiguration;
			buildSettings = {
				ALWAYS_SEARCH_USER_PATHS = NO;
				CLANG_ANALYZER_NONNULL = YES;
				CLANG_ANALYZER_NUMBER_OBJECT_CONVERSION = YES_AGGRESSIVE;
				CLANG_CXX_LANGUAGE_STANDARD = "gnu++17";
				CLANG_CXX_LIBRARY = "libc++";
				CLANG_ENABLE_MODULES = YES;
				CLANG_ENABLE_OBJC_ARC = YES;
				CLANG_ENABLE_OBJC_WEAK = YES;
				CLANG_WARN_BLOCK_CAPTURE_AUTORELEASING = YES;
				CLANG_WARN_BOOL_CONVERSION = YES;
				CLANG_WARN_COMMA = YES;
				CLANG_WARN_CONSTANT_CONVERSION = YES;
				CLANG_WARN_DEPRECATED_OBJC_IMPLEMENTATIONS = YES;
				CLANG_WARN_DIRECT_OBJC_ISA_USAGE = YES_ERROR;
				CLANG_WARN_DOCUMENTATION_COMMENTS = YES;
				CLANG_WARN_EMPTY_BODY = YES;
				CLANG_WARN_ENUM_CONVERSION = YES;
				CLANG_WARN_INFINITE_RECURSION = YES;
				CLANG_WARN_INT_CONVERSION = YES;
				CLANG_WARN_NON_LITERAL_NULL_CONVERSION = YES;
				CLANG_WARN_OBJC_IMPLICIT_RETAIN_SELF = YES;
				CLANG_WARN_OBJC_LITERAL_CONVERSION = YES;
				CLANG_WARN_OBJC_ROOT_CLASS = YES_ERROR;
				CLANG_WARN_QUOTED_INCLUDE_IN_FRAMEWORK_HEADER = YES;
				CLANG_WARN_RANGE_LOOP_ANALYSIS = YES;
				CLANG_WARN_STRICT_PROTOTYPES = YES;
				CLANG_WARN_SUSPICIOUS_MOVE = YES;
				CLANG_WARN_UNGUARDED_AVAILABILITY = YES_AGGRESSIVE;
				CLANG_WARN_UNREACHABLE_CODE = YES;
				CLANG_WARN__DUPLICATE_METHOD_MATCH = YES;
				COPY_PHASE_STRIP = NO;
				DEBUG_INFORMATION_FORMAT = "dwarf-with-dsym";
				ENABLE_NS_ASSERTIONS = NO;
				ENABLE_STRICT_OBJC_MSGSEND = YES;
				GCC_C_LANGUAGE_STANDARD = gnu11;
				GCC_NO_COMMON_BLOCKS = YES;
				GCC_WARN_64_TO_32_BIT_CONVERSION = YES;
				GCC_WARN_ABOUT_RETURN_TYPE = YES_ERROR;
				GCC_WARN_UNDECLARED_SELECTOR = YES;
				GCC_WARN_UNINITIALIZED_AUTOS = YES_AGGRESSIVE;
				GCC_WARN_UNUSED_FUNCTION = YES;
				GCC_WARN_UNUSED_VARIABLE = YES;
				IPHONEOS_DEPLOYMENT_TARGET = 15.0;
				MTL_ENABLE_DEBUG_INFO = NO;
				MTL_FAST_MATH = YES;
				SDKROOT = iphoneos;
				SWIFT_COMPILATION_MODE = wholemodule;
				SWIFT_OPTIMIZATION_LEVEL = "-O";
				VALIDATE_PRODUCT = YES;
			};
			name = Release;
		};
		6E1EE6DB29023E44008422D1 /* Debug */ = {
			isa = XCBuildConfiguration;
			buildSettings = {
				ASSETCATALOG_COMPILER_APPICON_NAME = AppIcon;
				ASSETCATALOG_COMPILER_GLOBAL_ACCENT_COLOR_NAME = AccentColor;
				CODE_SIGN_STYLE = Automatic;
				CURRENT_PROJECT_VERSION = 1;
				DEVELOPMENT_ASSET_PATHS = "\"eFishery-Test/Preview Content\"";
				DEVELOPMENT_TEAM = 8K8YW9U9D4;
				ENABLE_PREVIEWS = YES;
				GENERATE_INFOPLIST_FILE = YES;
				INFOPLIST_FILE = "eFishery-Test/Info.plist";
				INFOPLIST_KEY_UIApplicationSceneManifest_Generation = YES;
				INFOPLIST_KEY_UIApplicationSupportsIndirectInputEvents = YES;
				INFOPLIST_KEY_UILaunchScreen_Generation = YES;
				INFOPLIST_KEY_UISupportedInterfaceOrientations_iPad = "UIInterfaceOrientationPortrait UIInterfaceOrientationPortraitUpsideDown UIInterfaceOrientationLandscapeLeft UIInterfaceOrientationLandscapeRight";
				INFOPLIST_KEY_UISupportedInterfaceOrientations_iPhone = "UIInterfaceOrientationPortrait UIInterfaceOrientationLandscapeLeft UIInterfaceOrientationLandscapeRight";
				IPHONEOS_DEPLOYMENT_TARGET = 15.0;
				LD_RUNPATH_SEARCH_PATHS = (
					"$(inherited)",
					"@executable_path/Frameworks",
				);
				MARKETING_VERSION = 1.0;
				PRODUCT_BUNDLE_IDENTIFIER = "akh.mrz.eFishery-Test";
				PRODUCT_NAME = "$(TARGET_NAME)";
				SWIFT_EMIT_LOC_STRINGS = YES;
				SWIFT_VERSION = 5.0;
				TARGETED_DEVICE_FAMILY = "1,2";
			};
			name = Debug;
		};
		6E1EE6DC29023E44008422D1 /* Release */ = {
			isa = XCBuildConfiguration;
			buildSettings = {
				ASSETCATALOG_COMPILER_APPICON_NAME = AppIcon;
				ASSETCATALOG_COMPILER_GLOBAL_ACCENT_COLOR_NAME = AccentColor;
				CODE_SIGN_STYLE = Automatic;
				CURRENT_PROJECT_VERSION = 1;
				DEVELOPMENT_ASSET_PATHS = "\"eFishery-Test/Preview Content\"";
				DEVELOPMENT_TEAM = 8K8YW9U9D4;
				ENABLE_PREVIEWS = YES;
				GENERATE_INFOPLIST_FILE = YES;
				INFOPLIST_FILE = "eFishery-Test/Info.plist";
				INFOPLIST_KEY_UIApplicationSceneManifest_Generation = YES;
				INFOPLIST_KEY_UIApplicationSupportsIndirectInputEvents = YES;
				INFOPLIST_KEY_UILaunchScreen_Generation = YES;
				INFOPLIST_KEY_UISupportedInterfaceOrientations_iPad = "UIInterfaceOrientationPortrait UIInterfaceOrientationPortraitUpsideDown UIInterfaceOrientationLandscapeLeft UIInterfaceOrientationLandscapeRight";
				INFOPLIST_KEY_UISupportedInterfaceOrientations_iPhone = "UIInterfaceOrientationPortrait UIInterfaceOrientationLandscapeLeft UIInterfaceOrientationLandscapeRight";
				IPHONEOS_DEPLOYMENT_TARGET = 15.0;
				LD_RUNPATH_SEARCH_PATHS = (
					"$(inherited)",
					"@executable_path/Frameworks",
				);
				MARKETING_VERSION = 1.0;
				PRODUCT_BUNDLE_IDENTIFIER = "akh.mrz.eFishery-Test";
				PRODUCT_NAME = "$(TARGET_NAME)";
				SWIFT_EMIT_LOC_STRINGS = YES;
				SWIFT_VERSION = 5.0;
				TARGETED_DEVICE_FAMILY = "1,2";
			};
			name = Release;
		};
/* End XCBuildConfiguration section */

/* Begin XCConfigurationList section */
		6E1EE6C729023E43008422D1 /* Build configuration list for PBXProject "eFishery-Test" */ = {
			isa = XCConfigurationList;
			buildConfigurations = (
				6E1EE6D829023E44008422D1 /* Debug */,
				6E1EE6D929023E44008422D1 /* Release */,
			);
			defaultConfigurationIsVisible = 0;
			defaultConfigurationName = Release;
		};
		6E1EE6DA29023E44008422D1 /* Build configuration list for PBXNativeTarget "eFishery-Test" */ = {
			isa = XCConfigurationList;
			buildConfigurations = (
				6E1EE6DB29023E44008422D1 /* Debug */,
				6E1EE6DC29023E44008422D1 /* Release */,
			);
			defaultConfigurationIsVisible = 0;
			defaultConfigurationName = Release;
		};
/* End XCConfigurationList section */

/* Begin XCRemoteSwiftPackageReference section */
		6E04A7D32905C97D00DC5894 /* XCRemoteSwiftPackageReference "lottie-ios" */ = {
			isa = XCRemoteSwiftPackageReference;
			repositoryURL = "https://github.com/airbnb/lottie-ios";
			requirement = {
				branch = master;
				kind = branch;
			};
		};
/* End XCRemoteSwiftPackageReference section */

/* Begin XCSwiftPackageProductDependency section */
		6E04A7D42905C97D00DC5894 /* Lottie */ = {
			isa = XCSwiftPackageProductDependency;
			package = 6E04A7D32905C97D00DC5894 /* XCRemoteSwiftPackageReference "lottie-ios" */;
			productName = Lottie;
		};
/* End XCSwiftPackageProductDependency section */
	};
	rootObject = 6E1EE6C429023E43008422D1 /* Project object */;
}
